// !$*UTF8*$!
{
	archiveVersion = 1;
	classes = {
	};
	objectVersion = 50;
	objects = {

/* Begin PBXBuildFile section */
		3A1410D421C9E9F300C06081 /* UIImage+AGTransform.m in Sources */ = {isa = PBXBuildFile; fileRef = 3A1410CE21C9E9F300C06081 /* UIImage+AGTransform.m */; };
		3A1410D521C9E9F300C06081 /* UIImage+AGGenerate.m in Sources */ = {isa = PBXBuildFile; fileRef = 3A1410CF21C9E9F300C06081 /* UIImage+AGGenerate.m */; };
		3A1410DB21CA5DDE00C06081 /* TestUIImageViewController.m in Sources */ = {isa = PBXBuildFile; fileRef = 3A1410DA21CA5DDE00C06081 /* TestUIImageViewController.m */; };
		3A1410DD21CA60FF00C06081 /* TestUIImageViewController.xib in Resources */ = {isa = PBXBuildFile; fileRef = 3A1410DC21CA60FF00C06081 /* TestUIImageViewController.xib */; };
		3A34E9F721F85EEB00F3776D /* NSFileManager+AGFolderOperation.m in Sources */ = {isa = PBXBuildFile; fileRef = 3A34E9F621F85EEB00F3776D /* NSFileManager+AGFolderOperation.m */; };
		3A34E9FA21F864FA00F3776D /* NSFileManager+AGFolderPath.m in Sources */ = {isa = PBXBuildFile; fileRef = 3A34E9F921F864FA00F3776D /* NSFileManager+AGFolderPath.m */; };
		3A34E9FF21F8768F00F3776D /* TestNSFileManagerViewController.m in Sources */ = {isa = PBXBuildFile; fileRef = 3A34E9FD21F8768F00F3776D /* TestNSFileManagerViewController.m */; };
		3A34EA0021F8768F00F3776D /* TestNSFileManagerViewController.xib in Resources */ = {isa = PBXBuildFile; fileRef = 3A34E9FE21F8768F00F3776D /* TestNSFileManagerViewController.xib */; };
		3A41BCC821D0E38A000674D3 /* NSDate+AGGenerate.m in Sources */ = {isa = PBXBuildFile; fileRef = 3A41BCC721D0E38A000674D3 /* NSDate+AGGenerate.m */; };
		3A41BCCD21D0F10B000674D3 /* TestNSDateViewController.m in Sources */ = {isa = PBXBuildFile; fileRef = 3A41BCCB21D0F10B000674D3 /* TestNSDateViewController.m */; };
		3A41BCCE21D0F10B000674D3 /* TestNSDateViewController.xib in Resources */ = {isa = PBXBuildFile; fileRef = 3A41BCCC21D0F10B000674D3 /* TestNSDateViewController.xib */; };
		3A4BB00121B8BE0700CFD779 /* AppDelegate.m in Sources */ = {isa = PBXBuildFile; fileRef = 3A4BB00021B8BE0700CFD779 /* AppDelegate.m */; };
		3A4BB00421B8BE0700CFD779 /* ViewController.m in Sources */ = {isa = PBXBuildFile; fileRef = 3A4BB00321B8BE0700CFD779 /* ViewController.m */; };
		3A4BB00721B8BE0700CFD779 /* Main.storyboard in Resources */ = {isa = PBXBuildFile; fileRef = 3A4BB00521B8BE0700CFD779 /* Main.storyboard */; };
		3A4BB00921B8BE0800CFD779 /* Assets.xcassets in Resources */ = {isa = PBXBuildFile; fileRef = 3A4BB00821B8BE0800CFD779 /* Assets.xcassets */; };
		3A4BB00C21B8BE0800CFD779 /* LaunchScreen.storyboard in Resources */ = {isa = PBXBuildFile; fileRef = 3A4BB00A21B8BE0800CFD779 /* LaunchScreen.storyboard */; };
		3A4BB00F21B8BE0800CFD779 /* main.m in Sources */ = {isa = PBXBuildFile; fileRef = 3A4BB00E21B8BE0800CFD779 /* main.m */; };
		3A4BB01921B8BE5900CFD779 /* NSBundle+AGSupportCocoapods.m in Sources */ = {isa = PBXBuildFile; fileRef = 3A4BB01821B8BE5900CFD779 /* NSBundle+AGSupportCocoapods.m */; };
		3A9A173A21D615AC00C4502F /* NSString+AGJudge.m in Sources */ = {isa = PBXBuildFile; fileRef = 3A9A173821D615AC00C4502F /* NSString+AGJudge.m */; };
		3A9A173F21D61C9300C4502F /* TestNSStringViewController.m in Sources */ = {isa = PBXBuildFile; fileRef = 3A9A173D21D61C9300C4502F /* TestNSStringViewController.m */; };
		3A9A174021D61C9300C4502F /* TestNSStringViewController.xib in Resources */ = {isa = PBXBuildFile; fileRef = 3A9A173E21D61C9300C4502F /* TestNSStringViewController.xib */; };
		3AFD681021D1A2DD007317E6 /* UIColor+AGExtensions.m in Sources */ = {isa = PBXBuildFile; fileRef = 3AFD680E21D1A2DD007317E6 /* UIColor+AGExtensions.m */; };
/* End PBXBuildFile section */

/* Begin PBXFileReference section */
		3A1410CC21C9E9F300C06081 /* UIImage+AGGenerate.h */ = {isa = PBXFileReference; fileEncoding = 4; lastKnownFileType = sourcecode.c.h; path = "UIImage+AGGenerate.h"; sourceTree = "<group>"; };
		3A1410CE21C9E9F300C06081 /* UIImage+AGTransform.m */ = {isa = PBXFileReference; fileEncoding = 4; lastKnownFileType = sourcecode.c.objc; path = "UIImage+AGTransform.m"; sourceTree = "<group>"; };
		3A1410CF21C9E9F300C06081 /* UIImage+AGGenerate.m */ = {isa = PBXFileReference; fileEncoding = 4; lastKnownFileType = sourcecode.c.objc; path = "UIImage+AGGenerate.m"; sourceTree = "<group>"; };
		3A1410D121C9E9F300C06081 /* UIImage+AGTransform.h */ = {isa = PBXFileReference; fileEncoding = 4; lastKnownFileType = sourcecode.c.h; path = "UIImage+AGTransform.h"; sourceTree = "<group>"; };
		3A1410D921CA5DDE00C06081 /* TestUIImageViewController.h */ = {isa = PBXFileReference; lastKnownFileType = sourcecode.c.h; path = TestUIImageViewController.h; sourceTree = "<group>"; };
		3A1410DA21CA5DDE00C06081 /* TestUIImageViewController.m */ = {isa = PBXFileReference; lastKnownFileType = sourcecode.c.objc; path = TestUIImageViewController.m; sourceTree = "<group>"; };
		3A1410DC21CA60FF00C06081 /* TestUIImageViewController.xib */ = {isa = PBXFileReference; lastKnownFileType = file.xib; path = TestUIImageViewController.xib; sourceTree = "<group>"; };
		3A34E9F521F85EEB00F3776D /* NSFileManager+AGFolderOperation.h */ = {isa = PBXFileReference; lastKnownFileType = sourcecode.c.h; path = "NSFileManager+AGFolderOperation.h"; sourceTree = "<group>"; };
		3A34E9F621F85EEB00F3776D /* NSFileManager+AGFolderOperation.m */ = {isa = PBXFileReference; lastKnownFileType = sourcecode.c.objc; path = "NSFileManager+AGFolderOperation.m"; sourceTree = "<group>"; };
		3A34E9F821F864FA00F3776D /* NSFileManager+AGFolderPath.h */ = {isa = PBXFileReference; lastKnownFileType = sourcecode.c.h; path = "NSFileManager+AGFolderPath.h"; sourceTree = "<group>"; };
		3A34E9F921F864FA00F3776D /* NSFileManager+AGFolderPath.m */ = {isa = PBXFileReference; lastKnownFileType = sourcecode.c.objc; path = "NSFileManager+AGFolderPath.m"; sourceTree = "<group>"; };
		3A34E9FC21F8768F00F3776D /* TestNSFileManagerViewController.h */ = {isa = PBXFileReference; lastKnownFileType = sourcecode.c.h; path = TestNSFileManagerViewController.h; sourceTree = "<group>"; };
		3A34E9FD21F8768F00F3776D /* TestNSFileManagerViewController.m */ = {isa = PBXFileReference; lastKnownFileType = sourcecode.c.objc; path = TestNSFileManagerViewController.m; sourceTree = "<group>"; };
		3A34E9FE21F8768F00F3776D /* TestNSFileManagerViewController.xib */ = {isa = PBXFileReference; lastKnownFileType = file.xib; path = TestNSFileManagerViewController.xib; sourceTree = "<group>"; };
		3A34EA0121F881B700F3776D /* AGCategories.h */ = {isa = PBXFileReference; lastKnownFileType = sourcecode.c.h; path = AGCategories.h; sourceTree = "<group>"; };
		3A41BCC621D0E38A000674D3 /* NSDate+AGGenerate.h */ = {isa = PBXFileReference; fileEncoding = 4; lastKnownFileType = sourcecode.c.h; path = "NSDate+AGGenerate.h"; sourceTree = "<group>"; };
		3A41BCC721D0E38A000674D3 /* NSDate+AGGenerate.m */ = {isa = PBXFileReference; fileEncoding = 4; lastKnownFileType = sourcecode.c.objc; path = "NSDate+AGGenerate.m"; sourceTree = "<group>"; };
		3A41BCCA21D0F10B000674D3 /* TestNSDateViewController.h */ = {isa = PBXFileReference; lastKnownFileType = sourcecode.c.h; path = TestNSDateViewController.h; sourceTree = "<group>"; };
		3A41BCCB21D0F10B000674D3 /* TestNSDateViewController.m */ = {isa = PBXFileReference; lastKnownFileType = sourcecode.c.objc; path = TestNSDateViewController.m; sourceTree = "<group>"; };
		3A41BCCC21D0F10B000674D3 /* TestNSDateViewController.xib */ = {isa = PBXFileReference; lastKnownFileType = file.xib; path = TestNSDateViewController.xib; sourceTree = "<group>"; };
		3A4BAFFC21B8BE0700CFD779 /* AGCategories.app */ = {isa = PBXFileReference; explicitFileType = wrapper.application; includeInIndex = 0; path = AGCategories.app; sourceTree = BUILT_PRODUCTS_DIR; };
		3A4BAFFF21B8BE0700CFD779 /* AppDelegate.h */ = {isa = PBXFileReference; lastKnownFileType = sourcecode.c.h; path = AppDelegate.h; sourceTree = "<group>"; };
		3A4BB00021B8BE0700CFD779 /* AppDelegate.m */ = {isa = PBXFileReference; lastKnownFileType = sourcecode.c.objc; path = AppDelegate.m; sourceTree = "<group>"; };
		3A4BB00221B8BE0700CFD779 /* ViewController.h */ = {isa = PBXFileReference; lastKnownFileType = sourcecode.c.h; path = ViewController.h; sourceTree = "<group>"; };
		3A4BB00321B8BE0700CFD779 /* ViewController.m */ = {isa = PBXFileReference; lastKnownFileType = sourcecode.c.objc; path = ViewController.m; sourceTree = "<group>"; };
		3A4BB00621B8BE0700CFD779 /* Base */ = {isa = PBXFileReference; lastKnownFileType = file.storyboard; name = Base; path = Base.lproj/Main.storyboard; sourceTree = "<group>"; };
		3A4BB00821B8BE0800CFD779 /* Assets.xcassets */ = {isa = PBXFileReference; lastKnownFileType = folder.assetcatalog; path = Assets.xcassets; sourceTree = "<group>"; };
		3A4BB00B21B8BE0800CFD779 /* Base */ = {isa = PBXFileReference; lastKnownFileType = file.storyboard; name = Base; path = Base.lproj/LaunchScreen.storyboard; sourceTree = "<group>"; };
		3A4BB00D21B8BE0800CFD779 /* Info.plist */ = {isa = PBXFileReference; lastKnownFileType = text.plist.xml; path = Info.plist; sourceTree = "<group>"; };
		3A4BB00E21B8BE0800CFD779 /* main.m */ = {isa = PBXFileReference; lastKnownFileType = sourcecode.c.objc; path = main.m; sourceTree = "<group>"; };
		3A4BB01721B8BE5900CFD779 /* NSBundle+AGSupportCocoapods.h */ = {isa = PBXFileReference; fileEncoding = 4; lastKnownFileType = sourcecode.c.h; path = "NSBundle+AGSupportCocoapods.h"; sourceTree = "<group>"; };
		3A4BB01821B8BE5900CFD779 /* NSBundle+AGSupportCocoapods.m */ = {isa = PBXFileReference; fileEncoding = 4; lastKnownFileType = sourcecode.c.objc; path = "NSBundle+AGSupportCocoapods.m"; sourceTree = "<group>"; };
		3A9A173821D615AC00C4502F /* NSString+AGJudge.m */ = {isa = PBXFileReference; fileEncoding = 4; lastKnownFileType = sourcecode.c.objc; path = "NSString+AGJudge.m"; sourceTree = "<group>"; };
		3A9A173921D615AC00C4502F /* NSString+AGJudge.h */ = {isa = PBXFileReference; fileEncoding = 4; lastKnownFileType = sourcecode.c.h; path = "NSString+AGJudge.h"; sourceTree = "<group>"; };
		3A9A173C21D61C9300C4502F /* TestNSStringViewController.h */ = {isa = PBXFileReference; lastKnownFileType = sourcecode.c.h; path = TestNSStringViewController.h; sourceTree = "<group>"; };
		3A9A173D21D61C9300C4502F /* TestNSStringViewController.m */ = {isa = PBXFileReference; lastKnownFileType = sourcecode.c.objc; path = TestNSStringViewController.m; sourceTree = "<group>"; };
		3A9A173E21D61C9300C4502F /* TestNSStringViewController.xib */ = {isa = PBXFileReference; lastKnownFileType = file.xib; path = TestNSStringViewController.xib; sourceTree = "<group>"; };
		3AFD680E21D1A2DD007317E6 /* UIColor+AGExtensions.m */ = {isa = PBXFileReference; fileEncoding = 4; lastKnownFileType = sourcecode.c.objc; path = "UIColor+AGExtensions.m"; sourceTree = "<group>"; };
		3AFD680F21D1A2DD007317E6 /* UIColor+AGExtensions.h */ = {isa = PBXFileReference; fileEncoding = 4; lastKnownFileType = sourcecode.c.h; path = "UIColor+AGExtensions.h"; sourceTree = "<group>"; };
/* End PBXFileReference section */

/* Begin PBXFrameworksBuildPhase section */
		3A4BAFF921B8BE0700CFD779 /* Frameworks */ = {
			isa = PBXFrameworksBuildPhase;
			buildActionMask = 2147483647;
			files = (
			);
			runOnlyForDeploymentPostprocessing = 0;
		};
/* End PBXFrameworksBuildPhase section */

/* Begin PBXGroup section */
		3A1410CA21C9E93700C06081 /* UIImage */ = {
			isa = PBXGroup;
			children = (
				3A1410D121C9E9F300C06081 /* UIImage+AGTransform.h */,
				3A1410CE21C9E9F300C06081 /* UIImage+AGTransform.m */,
				3A1410CC21C9E9F300C06081 /* UIImage+AGGenerate.h */,
				3A1410CF21C9E9F300C06081 /* UIImage+AGGenerate.m */,
			);
			path = UIImage;
			sourceTree = "<group>";
		};
		3A1410D721CA5DB100C06081 /* Demo */ = {
			isa = PBXGroup;
			children = (
				3A34E9FB21F8766A00F3776D /* TestNSFileManager */,
				3A9A173B21D61C7200C4502F /* TestNSString */,
				3A41BCC921D0F0E4000674D3 /* TestNSDate */,
				3A1410D821CA5DC500C06081 /* TestUIImage */,
			);
			path = Demo;
			sourceTree = SOURCE_ROOT;
		};
		3A1410D821CA5DC500C06081 /* TestUIImage */ = {
			isa = PBXGroup;
			children = (
				3A1410D921CA5DDE00C06081 /* TestUIImageViewController.h */,
				3A1410DA21CA5DDE00C06081 /* TestUIImageViewController.m */,
				3A1410DC21CA60FF00C06081 /* TestUIImageViewController.xib */,
			);
			path = TestUIImage;
			sourceTree = "<group>";
		};
		3A34E9F421F85E8500F3776D /* NSFileManager */ = {
			isa = PBXGroup;
			children = (
				3A34E9F521F85EEB00F3776D /* NSFileManager+AGFolderOperation.h */,
				3A34E9F621F85EEB00F3776D /* NSFileManager+AGFolderOperation.m */,
				3A34E9F821F864FA00F3776D /* NSFileManager+AGFolderPath.h */,
				3A34E9F921F864FA00F3776D /* NSFileManager+AGFolderPath.m */,
			);
			path = NSFileManager;
			sourceTree = "<group>";
		};
		3A34E9FB21F8766A00F3776D /* TestNSFileManager */ = {
			isa = PBXGroup;
			children = (
				3A34E9FC21F8768F00F3776D /* TestNSFileManagerViewController.h */,
				3A34E9FD21F8768F00F3776D /* TestNSFileManagerViewController.m */,
				3A34E9FE21F8768F00F3776D /* TestNSFileManagerViewController.xib */,
			);
			path = TestNSFileManager;
			sourceTree = "<group>";
		};
		3A41BCC521D0E364000674D3 /* NSDate */ = {
			isa = PBXGroup;
			children = (
				3A41BCC621D0E38A000674D3 /* NSDate+AGGenerate.h */,
				3A41BCC721D0E38A000674D3 /* NSDate+AGGenerate.m */,
			);
			path = NSDate;
			sourceTree = "<group>";
		};
		3A41BCC921D0F0E4000674D3 /* TestNSDate */ = {
			isa = PBXGroup;
			children = (
				3A41BCCA21D0F10B000674D3 /* TestNSDateViewController.h */,
				3A41BCCB21D0F10B000674D3 /* TestNSDateViewController.m */,
				3A41BCCC21D0F10B000674D3 /* TestNSDateViewController.xib */,
			);
			path = TestNSDate;
			sourceTree = "<group>";
		};
		3A4BAFF321B8BE0700CFD779 = {
			isa = PBXGroup;
			children = (
				3A4BAFFE21B8BE0700CFD779 /* AGCategories */,
				3A4BAFFD21B8BE0700CFD779 /* Products */,
			);
			sourceTree = "<group>";
		};
		3A4BAFFD21B8BE0700CFD779 /* Products */ = {
			isa = PBXGroup;
			children = (
				3A4BAFFC21B8BE0700CFD779 /* AGCategories.app */,
			);
			name = Products;
			sourceTree = "<group>";
		};
		3A4BAFFE21B8BE0700CFD779 /* AGCategories */ = {
			isa = PBXGroup;
			children = (
				3A1410D721CA5DB100C06081 /* Demo */,
				3A4BB01521B8BE3500CFD779 /* Categories */,
				3A4BAFFF21B8BE0700CFD779 /* AppDelegate.h */,
				3A4BB00021B8BE0700CFD779 /* AppDelegate.m */,
				3A4BB00221B8BE0700CFD779 /* ViewController.h */,
				3A4BB00321B8BE0700CFD779 /* ViewController.m */,
				3A4BB00521B8BE0700CFD779 /* Main.storyboard */,
				3A4BB00821B8BE0800CFD779 /* Assets.xcassets */,
				3A4BB00A21B8BE0800CFD779 /* LaunchScreen.storyboard */,
				3A4BB00D21B8BE0800CFD779 /* Info.plist */,
				3A4BB00E21B8BE0800CFD779 /* main.m */,
			);
			path = AGCategories;
			sourceTree = "<group>";
		};
		3A4BB01521B8BE3500CFD779 /* Categories */ = {
			isa = PBXGroup;
			children = (
				3A34EA0121F881B700F3776D /* AGCategories.h */,
				3A34E9F421F85E8500F3776D /* NSFileManager */,
				3A9A173721D6143500C4502F /* NSString */,
				3AFD680D21D1A1C1007317E6 /* UIColor */,
				3A41BCC521D0E364000674D3 /* NSDate */,
				3A1410CA21C9E93700C06081 /* UIImage */,
				3A4BB01621B8BE4A00CFD779 /* NSBundle */,
			);
			path = Categories;
			sourceTree = "<group>";
		};
		3A4BB01621B8BE4A00CFD779 /* NSBundle */ = {
			isa = PBXGroup;
			children = (
				3A4BB01721B8BE5900CFD779 /* NSBundle+AGSupportCocoapods.h */,
				3A4BB01821B8BE5900CFD779 /* NSBundle+AGSupportCocoapods.m */,
			);
			path = NSBundle;
			sourceTree = "<group>";
		};
		3A9A173721D6143500C4502F /* NSString */ = {
			isa = PBXGroup;
			children = (
				3A9A173921D615AC00C4502F /* NSString+AGJudge.h */,
				3A9A173821D615AC00C4502F /* NSString+AGJudge.m */,
			);
			path = NSString;
			sourceTree = "<group>";
		};
		3A9A173B21D61C7200C4502F /* TestNSString */ = {
			isa = PBXGroup;
			children = (
				3A9A173C21D61C9300C4502F /* TestNSStringViewController.h */,
				3A9A173D21D61C9300C4502F /* TestNSStringViewController.m */,
				3A9A173E21D61C9300C4502F /* TestNSStringViewController.xib */,
			);
			path = TestNSString;
			sourceTree = "<group>";
		};
		3AFD680D21D1A1C1007317E6 /* UIColor */ = {
			isa = PBXGroup;
			children = (
				3AFD680F21D1A2DD007317E6 /* UIColor+AGExtensions.h */,
				3AFD680E21D1A2DD007317E6 /* UIColor+AGExtensions.m */,
			);
			path = UIColor;
			sourceTree = "<group>";
		};
/* End PBXGroup section */

/* Begin PBXNativeTarget section */
		3A4BAFFB21B8BE0700CFD779 /* AGCategories */ = {
			isa = PBXNativeTarget;
			buildConfigurationList = 3A4BB01221B8BE0800CFD779 /* Build configuration list for PBXNativeTarget "AGCategories" */;
			buildPhases = (
				3A4BAFF821B8BE0700CFD779 /* Sources */,
				3A4BAFF921B8BE0700CFD779 /* Frameworks */,
				3A4BAFFA21B8BE0700CFD779 /* Resources */,
			);
			buildRules = (
			);
			dependencies = (
			);
			name = AGCategories;
			productName = AGCategories;
			productReference = 3A4BAFFC21B8BE0700CFD779 /* AGCategories.app */;
			productType = "com.apple.product-type.application";
		};
/* End PBXNativeTarget section */

/* Begin PBXProject section */
		3A4BAFF421B8BE0700CFD779 /* Project object */ = {
			isa = PBXProject;
			attributes = {
				LastUpgradeCheck = 1010;
				ORGANIZATIONNAME = JohnnyB0Y;
				TargetAttributes = {
					3A4BAFFB21B8BE0700CFD779 = {
						CreatedOnToolsVersion = 10.1;
					};
				};
			};
			buildConfigurationList = 3A4BAFF721B8BE0700CFD779 /* Build configuration list for PBXProject "AGCategories" */;
			compatibilityVersion = "Xcode 9.3";
			developmentRegion = en;
			hasScannedForEncodings = 0;
			knownRegions = (
				en,
				Base,
			);
			mainGroup = 3A4BAFF321B8BE0700CFD779;
			productRefGroup = 3A4BAFFD21B8BE0700CFD779 /* Products */;
			projectDirPath = "";
			projectRoot = "";
			targets = (
				3A4BAFFB21B8BE0700CFD779 /* AGCategories */,
			);
		};
/* End PBXProject section */

/* Begin PBXResourcesBuildPhase section */
		3A4BAFFA21B8BE0700CFD779 /* Resources */ = {
			isa = PBXResourcesBuildPhase;
			buildActionMask = 2147483647;
			files = (
				3A4BB00C21B8BE0800CFD779 /* LaunchScreen.storyboard in Resources */,
				3A4BB00921B8BE0800CFD779 /* Assets.xcassets in Resources */,
				3A34EA0021F8768F00F3776D /* TestNSFileManagerViewController.xib in Resources */,
				3A9A174021D61C9300C4502F /* TestNSStringViewController.xib in Resources */,
				3A41BCCE21D0F10B000674D3 /* TestNSDateViewController.xib in Resources */,
				3A1410DD21CA60FF00C06081 /* TestUIImageViewController.xib in Resources */,
				3A4BB00721B8BE0700CFD779 /* Main.storyboard in Resources */,
			);
			runOnlyForDeploymentPostprocessing = 0;
		};
/* End PBXResourcesBuildPhase section */

/* Begin PBXSourcesBuildPhase section */
		3A4BAFF821B8BE0700CFD779 /* Sources */ = {
			isa = PBXSourcesBuildPhase;
			buildActionMask = 2147483647;
			files = (
				3A34E9F721F85EEB00F3776D /* NSFileManager+AGFolderOperation.m in Sources */,
				3A1410D421C9E9F300C06081 /* UIImage+AGTransform.m in Sources */,
				3A4BB01921B8BE5900CFD779 /* NSBundle+AGSupportCocoapods.m in Sources */,
				3A9A173F21D61C9300C4502F /* TestNSStringViewController.m in Sources */,
				3A1410D521C9E9F300C06081 /* UIImage+AGGenerate.m in Sources */,
				3A1410DB21CA5DDE00C06081 /* TestUIImageViewController.m in Sources */,
				3A34E9FF21F8768F00F3776D /* TestNSFileManagerViewController.m in Sources */,
				3A41BCC821D0E38A000674D3 /* NSDate+AGGenerate.m in Sources */,
				3A41BCCD21D0F10B000674D3 /* TestNSDateViewController.m in Sources */,
				3A4BB00421B8BE0700CFD779 /* ViewController.m in Sources */,
				3A34E9FA21F864FA00F3776D /* NSFileManager+AGFolderPath.m in Sources */,
				3A4BB00F21B8BE0800CFD779 /* main.m in Sources */,
				3A9A173A21D615AC00C4502F /* NSString+AGJudge.m in Sources */,
				3A4BB00121B8BE0700CFD779 /* AppDelegate.m in Sources */,
				3AFD681021D1A2DD007317E6 /* UIColor+AGExtensions.m in Sources */,
			);
			runOnlyForDeploymentPostprocessing = 0;
		};
/* End PBXSourcesBuildPhase section */

/* Begin PBXVariantGroup section */
		3A4BB00521B8BE0700CFD779 /* Main.storyboard */ = {
			isa = PBXVariantGroup;
			children = (
				3A4BB00621B8BE0700CFD779 /* Base */,
			);
			name = Main.storyboard;
			sourceTree = "<group>";
		};
		3A4BB00A21B8BE0800CFD779 /* LaunchScreen.storyboard */ = {
			isa = PBXVariantGroup;
			children = (
				3A4BB00B21B8BE0800CFD779 /* Base */,
			);
			name = LaunchScreen.storyboard;
			sourceTree = "<group>";
		};
/* End PBXVariantGroup section */

/* Begin XCBuildConfiguration section */
		3A4BB01021B8BE0800CFD779 /* Debug */ = {
			isa = XCBuildConfiguration;
			buildSettings = {
				ALWAYS_SEARCH_USER_PATHS = NO;
				CLANG_ANALYZER_NONNULL = YES;
				CLANG_ANALYZER_NUMBER_OBJECT_CONVERSION = YES_AGGRESSIVE;
				CLANG_CXX_LANGUAGE_STANDARD = "gnu++14";
				CLANG_CXX_LIBRARY = "libc++";
				CLANG_ENABLE_MODULES = YES;
				CLANG_ENABLE_OBJC_ARC = YES;
				CLANG_ENABLE_OBJC_WEAK = YES;
				CLANG_WARN_BLOCK_CAPTURE_AUTORELEASING = YES;
				CLANG_WARN_BOOL_CONVERSION = YES;
				CLANG_WARN_COMMA = YES;
				CLANG_WARN_CONSTANT_CONVERSION = YES;
				CLANG_WARN_DEPRECATED_OBJC_IMPLEMENTATIONS = YES;
				CLANG_WARN_DIRECT_OBJC_ISA_USAGE = YES_ERROR;
				CLANG_WARN_DOCUMENTATION_COMMENTS = YES;
				CLANG_WARN_EMPTY_BODY = YES;
				CLANG_WARN_ENUM_CONVERSION = YES;
				CLANG_WARN_INFINITE_RECURSION = YES;
				CLANG_WARN_INT_CONVERSION = YES;
				CLANG_WARN_NON_LITERAL_NULL_CONVERSION = YES;
				CLANG_WARN_OBJC_IMPLICIT_RETAIN_SELF = YES;
				CLANG_WARN_OBJC_LITERAL_CONVERSION = YES;
				CLANG_WARN_OBJC_ROOT_CLASS = YES_ERROR;
				CLANG_WARN_RANGE_LOOP_ANALYSIS = YES;
				CLANG_WARN_STRICT_PROTOTYPES = YES;
				CLANG_WARN_SUSPICIOUS_MOVE = YES;
				CLANG_WARN_UNGUARDED_AVAILABILITY = YES_AGGRESSIVE;
				CLANG_WARN_UNREACHABLE_CODE = YES;
				CLANG_WARN__DUPLICATE_METHOD_MATCH = YES;
				CODE_SIGN_IDENTITY = "iPhone Developer";
				COPY_PHASE_STRIP = NO;
				DEBUG_INFORMATION_FORMAT = dwarf;
				ENABLE_STRICT_OBJC_MSGSEND = YES;
				ENABLE_TESTABILITY = YES;
				GCC_C_LANGUAGE_STANDARD = gnu11;
				GCC_DYNAMIC_NO_PIC = NO;
				GCC_NO_COMMON_BLOCKS = YES;
				GCC_OPTIMIZATION_LEVEL = 0;
				GCC_PREPROCESSOR_DEFINITIONS = (
					"DEBUG=1",
					"$(inherited)",
				);
				GCC_WARN_64_TO_32_BIT_CONVERSION = YES;
				GCC_WARN_ABOUT_RETURN_TYPE = YES_ERROR;
				GCC_WARN_UNDECLARED_SELECTOR = YES;
				GCC_WARN_UNINITIALIZED_AUTOS = YES_AGGRESSIVE;
				GCC_WARN_UNUSED_FUNCTION = YES;
				GCC_WARN_UNUSED_VARIABLE = YES;
				IPHONEOS_DEPLOYMENT_TARGET = 12.1;
				MTL_ENABLE_DEBUG_INFO = INCLUDE_SOURCE;
				MTL_FAST_MATH = YES;
				ONLY_ACTIVE_ARCH = YES;
				SDKROOT = iphoneos;
			};
			name = Debug;
		};
		3A4BB01121B8BE0800CFD779 /* Release */ = {
			isa = XCBuildConfiguration;
			buildSettings = {
				ALWAYS_SEARCH_USER_PATHS = NO;
				CLANG_ANALYZER_NONNULL = YES;
				CLANG_ANALYZER_NUMBER_OBJECT_CONVERSION = YES_AGGRESSIVE;
				CLANG_CXX_LANGUAGE_STANDARD = "gnu++14";
				CLANG_CXX_LIBRARY = "libc++";
				CLANG_ENABLE_MODULES = YES;
				CLANG_ENABLE_OBJC_ARC = YES;
				CLANG_ENABLE_OBJC_WEAK = YES;
				CLANG_WARN_BLOCK_CAPTURE_AUTORELEASING = YES;
				CLANG_WARN_BOOL_CONVERSION = YES;
				CLANG_WARN_COMMA = YES;
				CLANG_WARN_CONSTANT_CONVERSION = YES;
				CLANG_WARN_DEPRECATED_OBJC_IMPLEMENTATIONS = YES;
				CLANG_WARN_DIRECT_OBJC_ISA_USAGE = YES_ERROR;
				CLANG_WARN_DOCUMENTATION_COMMENTS = YES;
				CLANG_WARN_EMPTY_BODY = YES;
				CLANG_WARN_ENUM_CONVERSION = YES;
				CLANG_WARN_INFINITE_RECURSION = YES;
				CLANG_WARN_INT_CONVERSION = YES;
				CLANG_WARN_NON_LITERAL_NULL_CONVERSION = YES;
				CLANG_WARN_OBJC_IMPLICIT_RETAIN_SELF = YES;
				CLANG_WARN_OBJC_LITERAL_CONVERSION = YES;
				CLANG_WARN_OBJC_ROOT_CLASS = YES_ERROR;
				CLANG_WARN_RANGE_LOOP_ANALYSIS = YES;
				CLANG_WARN_STRICT_PROTOTYPES = YES;
				CLANG_WARN_SUSPICIOUS_MOVE = YES;
				CLANG_WARN_UNGUARDED_AVAILABILITY = YES_AGGRESSIVE;
				CLANG_WARN_UNREACHABLE_CODE = YES;
				CLANG_WARN__DUPLICATE_METHOD_MATCH = YES;
				CODE_SIGN_IDENTITY = "iPhone Developer";
				COPY_PHASE_STRIP = NO;
				DEBUG_INFORMATION_FORMAT = "dwarf-with-dsym";
				ENABLE_NS_ASSERTIONS = NO;
				ENABLE_STRICT_OBJC_MSGSEND = YES;
				GCC_C_LANGUAGE_STANDARD = gnu11;
				GCC_NO_COMMON_BLOCKS = YES;
				GCC_WARN_64_TO_32_BIT_CONVERSION = YES;
				GCC_WARN_ABOUT_RETURN_TYPE = YES_ERROR;
				GCC_WARN_UNDECLARED_SELECTOR = YES;
				GCC_WARN_UNINITIALIZED_AUTOS = YES_AGGRESSIVE;
				GCC_WARN_UNUSED_FUNCTION = YES;
				GCC_WARN_UNUSED_VARIABLE = YES;
				IPHONEOS_DEPLOYMENT_TARGET = 12.1;
				MTL_ENABLE_DEBUG_INFO = NO;
				MTL_FAST_MATH = YES;
				SDKROOT = iphoneos;
				VALIDATE_PRODUCT = YES;
			};
			name = Release;
		};
		3A4BB01321B8BE0800CFD779 /* Debug */ = {
			isa = XCBuildConfiguration;
			buildSettings = {
				ASSETCATALOG_COMPILER_APPICON_NAME = AppIcon;
				CODE_SIGN_STYLE = Automatic;
				DEVELOPMENT_TEAM = 3MK3532499;
				INFOPLIST_FILE = AGCategories/Info.plist;
				LD_RUNPATH_SEARCH_PATHS = (
					"$(inherited)",
					"@executable_path/Frameworks",
				);
				PRODUCT_BUNDLE_IDENTIFIER = com.xiezuoriji.AGCategories;
				PRODUCT_NAME = "$(TARGET_NAME)";
				TARGETED_DEVICE_FAMILY = "1,2";
			};
			name = Debug;
		};
		3A4BB01421B8BE0800CFD779 /* Release */ = {
			isa = XCBuildConfiguration;
			buildSettings = {
				ASSETCATALOG_COMPILER_APPICON_NAME = AppIcon;
				CODE_SIGN_STYLE = Automatic;
				DEVELOPMENT_TEAM = 3MK3532499;
				INFOPLIST_FILE = AGCategories/Info.plist;
				LD_RUNPATH_SEARCH_PATHS = (
					"$(inherited)",
					"@executable_path/Frameworks",
				);
				PRODUCT_BUNDLE_IDENTIFIER = com.xiezuoriji.AGCategories;
				PRODUCT_NAME = "$(TARGET_NAME)";
				TARGETED_DEVICE_FAMILY = "1,2";
			};
			name = Release;
		};
/* End XCBuildConfiguration section */

/* Begin XCConfigurationList section */
		3A4BAFF721B8BE0700CFD779 /* Build configuration list for PBXProject "AGCategories" */ = {
			isa = XCConfigurationList;
			buildConfigurations = (
				3A4BB01021B8BE0800CFD779 /* Debug */,
				3A4BB01121B8BE0800CFD779 /* Release */,
			);
			defaultConfigurationIsVisible = 0;
			defaultConfigurationName = Release;
		};
		3A4BB01221B8BE0800CFD779 /* Build configuration list for PBXNativeTarget "AGCategories" */ = {
			isa = XCConfigurationList;
			buildConfigurations = (
				3A4BB01321B8BE0800CFD779 /* Debug */,
				3A4BB01421B8BE0800CFD779 /* Release */,
			);
			defaultConfigurationIsVisible = 0;
			defaultConfigurationName = Release;
		};
/* End XCConfigurationList section */
	};
	rootObject = 3A4BAFF421B8BE0700CFD779 /* Project object */;
}
